// !$*UTF8*$!
{
	archiveVersion = 1;
	classes = {
	};
	objectVersion = 50;
	objects = {

/* Begin PBXBuildFile section */
		964689122140C4FE00B80507 /* AppDelegate.swift in Sources */ = {isa = PBXBuildFile; fileRef = 964689112140C4FE00B80507 /* AppDelegate.swift */; };
		964689142140C4FE00B80507 /* ViewController.swift in Sources */ = {isa = PBXBuildFile; fileRef = 964689132140C4FE00B80507 /* ViewController.swift */; };
		964689172140C4FE00B80507 /* Main.storyboard in Resources */ = {isa = PBXBuildFile; fileRef = 964689152140C4FE00B80507 /* Main.storyboard */; };
		964689192140C50300B80507 /* Assets.xcassets in Resources */ = {isa = PBXBuildFile; fileRef = 964689182140C50300B80507 /* Assets.xcassets */; };
		9646891C2140C50300B80507 /* LaunchScreen.storyboard in Resources */ = {isa = PBXBuildFile; fileRef = 9646891A2140C50300B80507 /* LaunchScreen.storyboard */; };
		964689242140CE4A00B80507 /* DisplayDegreeTableViewCell.swift in Sources */ = {isa = PBXBuildFile; fileRef = 964689232140CE4A00B80507 /* DisplayDegreeTableViewCell.swift */; };
		964689262140D02D00B80507 /* LightTableViewCell.swift in Sources */ = {isa = PBXBuildFile; fileRef = 964689252140D02D00B80507 /* LightTableViewCell.swift */; };
		964689282140D03A00B80507 /* ModeTableViewCell.swift in Sources */ = {isa = PBXBuildFile; fileRef = 964689272140D03A00B80507 /* ModeTableViewCell.swift */; };
		9646892A2140D04500B80507 /* StyleTableViewCell.swift in Sources */ = {isa = PBXBuildFile; fileRef = 964689292140D04500B80507 /* StyleTableViewCell.swift */; };
		9646892C2140D05100B80507 /* TimeTableViewCell.swift in Sources */ = {isa = PBXBuildFile; fileRef = 9646892B2140D05100B80507 /* TimeTableViewCell.swift */; };
		9646892F2140D07600B80507 /* SetTableViewCell.swift in Sources */ = {isa = PBXBuildFile; fileRef = 9646892E2140D07600B80507 /* SetTableViewCell.swift */; };
		964689312140D0B600B80507 /* BrandTableViewCell.swift in Sources */ = {isa = PBXBuildFile; fileRef = 964689302140D0B600B80507 /* BrandTableViewCell.swift */; };
		96468933214117D800B80507 /* APIHelper.swift in Sources */ = {isa = PBXBuildFile; fileRef = 96468932214117D800B80507 /* APIHelper.swift */; };
		9646893521411F4B00B80507 /* PublicVariables.swift in Sources */ = {isa = PBXBuildFile; fileRef = 9646893421411F4B00B80507 /* PublicVariables.swift */; };
/* End PBXBuildFile section */

/* Begin PBXFileReference section */
		9646890E2140C4FE00B80507 /* Remote.app */ = {isa = PBXFileReference; explicitFileType = wrapper.application; includeInIndex = 0; path = Remote.app; sourceTree = BUILT_PRODUCTS_DIR; };
		964689112140C4FE00B80507 /* AppDelegate.swift */ = {isa = PBXFileReference; lastKnownFileType = sourcecode.swift; path = AppDelegate.swift; sourceTree = "<group>"; };
		964689132140C4FE00B80507 /* ViewController.swift */ = {isa = PBXFileReference; lastKnownFileType = sourcecode.swift; path = ViewController.swift; sourceTree = "<group>"; };
		964689162140C4FE00B80507 /* Base */ = {isa = PBXFileReference; lastKnownFileType = file.storyboard; name = Base; path = Base.lproj/Main.storyboard; sourceTree = "<group>"; };
		964689182140C50300B80507 /* Assets.xcassets */ = {isa = PBXFileReference; lastKnownFileType = folder.assetcatalog; path = Assets.xcassets; sourceTree = "<group>"; };
		9646891B2140C50300B80507 /* Base */ = {isa = PBXFileReference; lastKnownFileType = file.storyboard; name = Base; path = Base.lproj/LaunchScreen.storyboard; sourceTree = "<group>"; };
		9646891D2140C50300B80507 /* Info.plist */ = {isa = PBXFileReference; lastKnownFileType = text.plist.xml; path = Info.plist; sourceTree = "<group>"; };
		964689232140CE4A00B80507 /* DisplayDegreeTableViewCell.swift */ = {isa = PBXFileReference; lastKnownFileType = sourcecode.swift; path = DisplayDegreeTableViewCell.swift; sourceTree = "<group>"; };
		964689252140D02D00B80507 /* LightTableViewCell.swift */ = {isa = PBXFileReference; lastKnownFileType = sourcecode.swift; path = LightTableViewCell.swift; sourceTree = "<group>"; };
		964689272140D03A00B80507 /* ModeTableViewCell.swift */ = {isa = PBXFileReference; lastKnownFileType = sourcecode.swift; path = ModeTableViewCell.swift; sourceTree = "<group>"; };
		964689292140D04500B80507 /* StyleTableViewCell.swift */ = {isa = PBXFileReference; lastKnownFileType = sourcecode.swift; path = StyleTableViewCell.swift; sourceTree = "<group>"; };
		9646892B2140D05100B80507 /* TimeTableViewCell.swift */ = {isa = PBXFileReference; lastKnownFileType = sourcecode.swift; path = TimeTableViewCell.swift; sourceTree = "<group>"; };
		9646892E2140D07600B80507 /* SetTableViewCell.swift */ = {isa = PBXFileReference; lastKnownFileType = sourcecode.swift; path = SetTableViewCell.swift; sourceTree = "<group>"; };
		964689302140D0B600B80507 /* BrandTableViewCell.swift */ = {isa = PBXFileReference; lastKnownFileType = sourcecode.swift; path = BrandTableViewCell.swift; sourceTree = "<group>"; };
		96468932214117D800B80507 /* APIHelper.swift */ = {isa = PBXFileReference; lastKnownFileType = sourcecode.swift; path = APIHelper.swift; sourceTree = "<group>"; };
		9646893421411F4B00B80507 /* PublicVariables.swift */ = {isa = PBXFileReference; lastKnownFileType = sourcecode.swift; path = PublicVariables.swift; sourceTree = "<group>"; };
/* End PBXFileReference section */

/* Begin PBXFrameworksBuildPhase section */
		9646890B2140C4FE00B80507 /* Frameworks */ = {
			isa = PBXFrameworksBuildPhase;
			buildActionMask = 2147483647;
			files = (
			);
			runOnlyForDeploymentPostprocessing = 0;
		};
/* End PBXFrameworksBuildPhase section */

/* Begin PBXGroup section */
		964689052140C4FE00B80507 = {
			isa = PBXGroup;
			children = (
				964689102140C4FE00B80507 /* Remote */,
				9646890F2140C4FE00B80507 /* Products */,
			);
			sourceTree = "<group>";
		};
		9646890F2140C4FE00B80507 /* Products */ = {
			isa = PBXGroup;
			children = (
				9646890E2140C4FE00B80507 /* Remote.app */,
			);
			name = Products;
			sourceTree = "<group>";
		};
		964689102140C4FE00B80507 /* Remote */ = {
			isa = PBXGroup;
			children = (
				96468932214117D800B80507 /* APIHelper.swift */,
				9646893421411F4B00B80507 /* PublicVariables.swift */,
				9646892D2140D05C00B80507 /* Table view cell */,
				964689112140C4FE00B80507 /* AppDelegate.swift */,
				964689132140C4FE00B80507 /* ViewController.swift */,
				964689152140C4FE00B80507 /* Main.storyboard */,
				964689182140C50300B80507 /* Assets.xcassets */,
				9646891A2140C50300B80507 /* LaunchScreen.storyboard */,
				9646891D2140C50300B80507 /* Info.plist */,
			);
			path = Remote;
			sourceTree = "<group>";
		};
		9646892D2140D05C00B80507 /* Table view cell */ = {
			isa = PBXGroup;
			children = (
				964689232140CE4A00B80507 /* DisplayDegreeTableViewCell.swift */,
				964689252140D02D00B80507 /* LightTableViewCell.swift */,
				964689272140D03A00B80507 /* ModeTableViewCell.swift */,
				964689292140D04500B80507 /* StyleTableViewCell.swift */,
				9646892B2140D05100B80507 /* TimeTableViewCell.swift */,
				9646892E2140D07600B80507 /* SetTableViewCell.swift */,
				964689302140D0B600B80507 /* BrandTableViewCell.swift */,
			);
			path = "Table view cell";
			sourceTree = "<group>";
		};
/* End PBXGroup section */

/* Begin PBXNativeTarget section */
		9646890D2140C4FE00B80507 /* Remote */ = {
			isa = PBXNativeTarget;
			buildConfigurationList = 964689202140C50300B80507 /* Build configuration list for PBXNativeTarget "Remote" */;
			buildPhases = (
				9646890A2140C4FE00B80507 /* Sources */,
				9646890B2140C4FE00B80507 /* Frameworks */,
				9646890C2140C4FE00B80507 /* Resources */,
			);
			buildRules = (
			);
			dependencies = (
			);
			name = Remote;
			productName = Remote;
			productReference = 9646890E2140C4FE00B80507 /* Remote.app */;
			productType = "com.apple.product-type.application";
		};
/* End PBXNativeTarget section */

/* Begin PBXProject section */
		964689062140C4FE00B80507 /* Project object */ = {
			isa = PBXProject;
			attributes = {
				LastSwiftUpdateCheck = 0940;
				LastUpgradeCheck = 0940;
				ORGANIZATIONNAME = "Thai Thi Tu Trinh";
				TargetAttributes = {
					9646890D2140C4FE00B80507 = {
						CreatedOnToolsVersion = 9.4.1;
					};
				};
			};
			buildConfigurationList = 964689092140C4FE00B80507 /* Build configuration list for PBXProject "Remote" */;
			compatibilityVersion = "Xcode 9.3";
			developmentRegion = en;
			hasScannedForEncodings = 0;
			knownRegions = (
				en,
				Base,
			);
			mainGroup = 964689052140C4FE00B80507;
			productRefGroup = 9646890F2140C4FE00B80507 /* Products */;
			projectDirPath = "";
			projectRoot = "";
			targets = (
				9646890D2140C4FE00B80507 /* Remote */,
			);
		};
/* End PBXProject section */

/* Begin PBXResourcesBuildPhase section */
		9646890C2140C4FE00B80507 /* Resources */ = {
			isa = PBXResourcesBuildPhase;
			buildActionMask = 2147483647;
			files = (
				9646891C2140C50300B80507 /* LaunchScreen.storyboard in Resources */,
				964689192140C50300B80507 /* Assets.xcassets in Resources */,
				964689172140C4FE00B80507 /* Main.storyboard in Resources */,
			);
			runOnlyForDeploymentPostprocessing = 0;
		};
/* End PBXResourcesBuildPhase section */

/* Begin PBXSourcesBuildPhase section */
		9646890A2140C4FE00B80507 /* Sources */ = {
			isa = PBXSourcesBuildPhase;
			buildActionMask = 2147483647;
			files = (
				9646892F2140D07600B80507 /* SetTableViewCell.swift in Sources */,
				9646892C2140D05100B80507 /* TimeTableViewCell.swift in Sources */,
				964689142140C4FE00B80507 /* ViewController.swift in Sources */,
				964689282140D03A00B80507 /* ModeTableViewCell.swift in Sources */,
				964689312140D0B600B80507 /* BrandTableViewCell.swift in Sources */,
				964689242140CE4A00B80507 /* DisplayDegreeTableViewCell.swift in Sources */,
				9646892A2140D04500B80507 /* StyleTableViewCell.swift in Sources */,
				964689262140D02D00B80507 /* LightTableViewCell.swift in Sources */,
				96468933214117D800B80507 /* APIHelper.swift in Sources */,
				964689122140C4FE00B80507 /* AppDelegate.swift in Sources */,
				9646893521411F4B00B80507 /* PublicVariables.swift in Sources */,
			);
			runOnlyForDeploymentPostprocessing = 0;
		};
/* End PBXSourcesBuildPhase section */

/* Begin PBXVariantGroup section */
		964689152140C4FE00B80507 /* Main.storyboard */ = {
			isa = PBXVariantGroup;
			children = (
				964689162140C4FE00B80507 /* Base */,
			);
			name = Main.storyboard;
			sourceTree = "<group>";
		};
		9646891A2140C50300B80507 /* LaunchScreen.storyboard */ = {
			isa = PBXVariantGroup;
			children = (
				9646891B2140C50300B80507 /* Base */,
			);
			name = LaunchScreen.storyboard;
			sourceTree = "<group>";
		};
/* End PBXVariantGroup section */

/* Begin XCBuildConfiguration section */
		9646891E2140C50300B80507 /* Debug */ = {
			isa = XCBuildConfiguration;
			buildSettings = {
				ALWAYS_SEARCH_USER_PATHS = NO;
				CLANG_ANALYZER_NONNULL = YES;
				CLANG_ANALYZER_NUMBER_OBJECT_CONVERSION = YES_AGGRESSIVE;
				CLANG_CXX_LANGUAGE_STANDARD = "gnu++14";
				CLANG_CXX_LIBRARY = "libc++";
				CLANG_ENABLE_MODULES = YES;
				CLANG_ENABLE_OBJC_ARC = YES;
				CLANG_ENABLE_OBJC_WEAK = YES;
				CLANG_WARN_BLOCK_CAPTURE_AUTORELEASING = YES;
				CLANG_WARN_BOOL_CONVERSION = YES;
				CLANG_WARN_COMMA = YES;
				CLANG_WARN_CONSTANT_CONVERSION = YES;
				CLANG_WARN_DEPRECATED_OBJC_IMPLEMENTATIONS = YES;
				CLANG_WARN_DIRECT_OBJC_ISA_USAGE = YES_ERROR;
				CLANG_WARN_DOCUMENTATION_COMMENTS = YES;
				CLANG_WARN_EMPTY_BODY = YES;
				CLANG_WARN_ENUM_CONVERSION = YES;
				CLANG_WARN_INFINITE_RECURSION = YES;
				CLANG_WARN_INT_CONVERSION = YES;
				CLANG_WARN_NON_LITERAL_NULL_CONVERSION = YES;
				CLANG_WARN_OBJC_IMPLICIT_RETAIN_SELF = YES;
				CLANG_WARN_OBJC_LITERAL_CONVERSION = YES;
				CLANG_WARN_OBJC_ROOT_CLASS = YES_ERROR;
				CLANG_WARN_RANGE_LOOP_ANALYSIS = YES;
				CLANG_WARN_STRICT_PROTOTYPES = YES;
				CLANG_WARN_SUSPICIOUS_MOVE = YES;
				CLANG_WARN_UNGUARDED_AVAILABILITY = YES_AGGRESSIVE;
				CLANG_WARN_UNREACHABLE_CODE = YES;
				CLANG_WARN__DUPLICATE_METHOD_MATCH = YES;
				CODE_SIGN_IDENTITY = "iPhone Developer";
				COPY_PHASE_STRIP = NO;
				DEBUG_INFORMATION_FORMAT = dwarf;
				ENABLE_STRICT_OBJC_MSGSEND = YES;
				ENABLE_TESTABILITY = YES;
				GCC_C_LANGUAGE_STANDARD = gnu11;
				GCC_DYNAMIC_NO_PIC = NO;
				GCC_NO_COMMON_BLOCKS = YES;
				GCC_OPTIMIZATION_LEVEL = 0;
				GCC_PREPROCESSOR_DEFINITIONS = (
					"DEBUG=1",
					"$(inherited)",
				);
				GCC_WARN_64_TO_32_BIT_CONVERSION = YES;
				GCC_WARN_ABOUT_RETURN_TYPE = YES_ERROR;
				GCC_WARN_UNDECLARED_SELECTOR = YES;
				GCC_WARN_UNINITIALIZED_AUTOS = YES_AGGRESSIVE;
				GCC_WARN_UNUSED_FUNCTION = YES;
				GCC_WARN_UNUSED_VARIABLE = YES;
				IPHONEOS_DEPLOYMENT_TARGET = 11.4;
				MTL_ENABLE_DEBUG_INFO = YES;
				ONLY_ACTIVE_ARCH = YES;
				SDKROOT = iphoneos;
				SWIFT_ACTIVE_COMPILATION_CONDITIONS = DEBUG;
				SWIFT_OPTIMIZATION_LEVEL = "-Onone";
			};
			name = Debug;
		};
		9646891F2140C50300B80507 /* Release */ = {
			isa = XCBuildConfiguration;
			buildSettings = {
				ALWAYS_SEARCH_USER_PATHS = NO;
				CLANG_ANALYZER_NONNULL = YES;
				CLANG_ANALYZER_NUMBER_OBJECT_CONVERSION = YES_AGGRESSIVE;
				CLANG_CXX_LANGUAGE_STANDARD = "gnu++14";
				CLANG_CXX_LIBRARY = "libc++";
				CLANG_ENABLE_MODULES = YES;
				CLANG_ENABLE_OBJC_ARC = YES;
				CLANG_ENABLE_OBJC_WEAK = YES;
				CLANG_WARN_BLOCK_CAPTURE_AUTORELEASING = YES;
				CLANG_WARN_BOOL_CONVERSION = YES;
				CLANG_WARN_COMMA = YES;
				CLANG_WARN_CONSTANT_CONVERSION = YES;
				CLANG_WARN_DEPRECATED_OBJC_IMPLEMENTATIONS = YES;
				CLANG_WARN_DIRECT_OBJC_ISA_USAGE = YES_ERROR;
				CLANG_WARN_DOCUMENTATION_COMMENTS = YES;
				CLANG_WARN_EMPTY_BODY = YES;
				CLANG_WARN_ENUM_CONVERSION = YES;
				CLANG_WARN_INFINITE_RECURSION = YES;
				CLANG_WARN_INT_CONVERSION = YES;
				CLANG_WARN_NON_LITERAL_NULL_CONVERSION = YES;
				CLANG_WARN_OBJC_IMPLICIT_RETAIN_SELF = YES;
				CLANG_WARN_OBJC_LITERAL_CONVERSION = YES;
				CLANG_WARN_OBJC_ROOT_CLASS = YES_ERROR;
				CLANG_WARN_RANGE_LOOP_ANALYSIS = YES;
				CLANG_WARN_STRICT_PROTOTYPES = YES;
				CLANG_WARN_SUSPICIOUS_MOVE = YES;
				CLANG_WARN_UNGUARDED_AVAILABILITY = YES_AGGRESSIVE;
				CLANG_WARN_UNREACHABLE_CODE = YES;
				CLANG_WARN__DUPLICATE_METHOD_MATCH = YES;
				CODE_SIGN_IDENTITY = "iPhone Developer";
				COPY_PHASE_STRIP = NO;
				DEBUG_INFORMATION_FORMAT = "dwarf-with-dsym";
				ENABLE_NS_ASSERTIONS = NO;
				ENABLE_STRICT_OBJC_MSGSEND = YES;
				GCC_C_LANGUAGE_STANDARD = gnu11;
				GCC_NO_COMMON_BLOCKS = YES;
				GCC_WARN_64_TO_32_BIT_CONVERSION = YES;
				GCC_WARN_ABOUT_RETURN_TYPE = YES_ERROR;
				GCC_WARN_UNDECLARED_SELECTOR = YES;
				GCC_WARN_UNINITIALIZED_AUTOS = YES_AGGRESSIVE;
				GCC_WARN_UNUSED_FUNCTION = YES;
				GCC_WARN_UNUSED_VARIABLE = YES;
				IPHONEOS_DEPLOYMENT_TARGET = 11.4;
				MTL_ENABLE_DEBUG_INFO = NO;
				SDKROOT = iphoneos;
				SWIFT_COMPILATION_MODE = wholemodule;
				SWIFT_OPTIMIZATION_LEVEL = "-O";
				VALIDATE_PRODUCT = YES;
			};
			name = Release;
		};
		964689212140C50300B80507 /* Debug */ = {
			isa = XCBuildConfiguration;
			buildSettings = {
				ASSETCATALOG_COMPILER_APPICON_NAME = AppIcon;
				CODE_SIGN_STYLE = Automatic;
				DEVELOPMENT_TEAM = 6C99TY569A;
				INFOPLIST_FILE = Remote/Info.plist;
				LD_RUNPATH_SEARCH_PATHS = (
					"$(inherited)",
					"@executable_path/Frameworks",
				);
				PRODUCT_BUNDLE_IDENTIFIER = trinh.ttt.Remote;
				PRODUCT_NAME = "$(TARGET_NAME)";
				SWIFT_VERSION = 4.0;
				TARGETED_DEVICE_FAMILY = "1,2";
			};
			name = Debug;
		};
		964689222140C50300B80507 /* Release */ = {
			isa = XCBuildConfiguration;
			buildSettings = {
				ASSETCATALOG_COMPILER_APPICON_NAME = AppIcon;
				CODE_SIGN_STYLE = Automatic;
				DEVELOPMENT_TEAM = 6C99TY569A;
				INFOPLIST_FILE = Remote/Info.plist;
				LD_RUNPATH_SEARCH_PATHS = (
					"$(inherited)",
					"@executable_path/Frameworks",
				);
				PRODUCT_BUNDLE_IDENTIFIER = trinh.ttt.Remote;
				PRODUCT_NAME = "$(TARGET_NAME)";
				SWIFT_VERSION = 4.0;
				TARGETED_DEVICE_FAMILY = "1,2";
			};
			name = Release;
		};
/* End XCBuildConfiguration section */

/* Begin XCConfigurationList section */
		964689092140C4FE00B80507 /* Build configuration list for PBXProject "Remote" */ = {
			isa = XCConfigurationList;
			buildConfigurations = (
				9646891E2140C50300B80507 /* Debug */,
				9646891F2140C50300B80507 /* Release */,
			);
			defaultConfigurationIsVisible = 0;
			defaultConfigurationName = Release;
		};
		964689202140C50300B80507 /* Build configuration list for PBXNativeTarget "Remote" */ = {
			isa = XCConfigurationList;
			buildConfigurations = (
				964689212140C50300B80507 /* Debug */,
				964689222140C50300B80507 /* Release */,
			);
			defaultConfigurationIsVisible = 0;
			defaultConfigurationName = Release;
		};
/* End XCConfigurationList section */
	};
	rootObject = 964689062140C4FE00B80507 /* Project object */;
}
