// !$*UTF8*$!
{
	archiveVersion = 1;
	classes = {
	};
	objectVersion = 50;
	objects = {

/* Begin PBXBuildFile section */
		0EED345E216D29C400B8B263 /* CommonResponse.swift in Sources */ = {isa = PBXBuildFile; fileRef = 0EED345D216D29C400B8B263 /* CommonResponse.swift */; };
		961BF99D216CA1E70089F92E /* MGConnection.swift in Sources */ = {isa = PBXBuildFile; fileRef = 961BF99C216CA1E70089F92E /* MGConnection.swift */; };
		961BF99F216CA2020089F92E /* LoginViewController.swift in Sources */ = {isa = PBXBuildFile; fileRef = 961BF99E216CA2020089F92E /* LoginViewController.swift */; };
		961BF9A1216CA2140089F92E /* LoginPresenter.swift in Sources */ = {isa = PBXBuildFile; fileRef = 961BF9A0216CA2140089F92E /* LoginPresenter.swift */; };
		961BF9A6216CA9580089F92E /* RegisterViewController.swift in Sources */ = {isa = PBXBuildFile; fileRef = 961BF9A5216CA9580089F92E /* RegisterViewController.swift */; };
		961BF9AA216CAD9C0089F92E /* ErrorResponse.swift in Sources */ = {isa = PBXBuildFile; fileRef = 961BF9A9216CAD9C0089F92E /* ErrorResponse.swift */; };
		961BF9AE216CB0D40089F92E /* RegisterPresenter.swift in Sources */ = {isa = PBXBuildFile; fileRef = 961BF9AD216CB0D40089F92E /* RegisterPresenter.swift */; };
		96850803216B048A00FC84F4 /* AppDelegate.swift in Sources */ = {isa = PBXBuildFile; fileRef = 96850802216B048A00FC84F4 /* AppDelegate.swift */; };
		96850805216B048A00FC84F4 /* ViewController.swift in Sources */ = {isa = PBXBuildFile; fileRef = 96850804216B048A00FC84F4 /* ViewController.swift */; };
		96850808216B048B00FC84F4 /* Main.storyboard in Resources */ = {isa = PBXBuildFile; fileRef = 96850806216B048B00FC84F4 /* Main.storyboard */; };
		9685080A216B049300FC84F4 /* Assets.xcassets in Resources */ = {isa = PBXBuildFile; fileRef = 96850809216B049300FC84F4 /* Assets.xcassets */; };
		9685080D216B049300FC84F4 /* LaunchScreen.storyboard in Resources */ = {isa = PBXBuildFile; fileRef = 9685080B216B049300FC84F4 /* LaunchScreen.storyboard */; };
		96850815216B0D8600FC84F4 /* Common.swift in Sources */ = {isa = PBXBuildFile; fileRef = 96850814216B0D8600FC84F4 /* Common.swift */; };
		96850817216B0FD200FC84F4 /* APIRouter.swift in Sources */ = {isa = PBXBuildFile; fileRef = 96850816216B0FD200FC84F4 /* APIRouter.swift */; };
		CFABF3DCDA9B95DACC33C43D /* Pods_FoodDelivery.framework in Frameworks */ = {isa = PBXBuildFile; fileRef = 3136C4D4127A699ADC42DB53 /* Pods_FoodDelivery.framework */; };
/* End PBXBuildFile section */

/* Begin PBXFileReference section */
		0EED345D216D29C400B8B263 /* CommonResponse.swift */ = {isa = PBXFileReference; lastKnownFileType = sourcecode.swift; path = CommonResponse.swift; sourceTree = "<group>"; };
		114D827A948D3576F498342D /* Pods-FoodDelivery.release.xcconfig */ = {isa = PBXFileReference; includeInIndex = 1; lastKnownFileType = text.xcconfig; name = "Pods-FoodDelivery.release.xcconfig"; path = "Pods/Target Support Files/Pods-FoodDelivery/Pods-FoodDelivery.release.xcconfig"; sourceTree = "<group>"; };
		3136C4D4127A699ADC42DB53 /* Pods_FoodDelivery.framework */ = {isa = PBXFileReference; explicitFileType = wrapper.framework; includeInIndex = 0; path = Pods_FoodDelivery.framework; sourceTree = BUILT_PRODUCTS_DIR; };
		961BF99C216CA1E70089F92E /* MGConnection.swift */ = {isa = PBXFileReference; lastKnownFileType = sourcecode.swift; path = MGConnection.swift; sourceTree = "<group>"; };
		961BF99E216CA2020089F92E /* LoginViewController.swift */ = {isa = PBXFileReference; lastKnownFileType = sourcecode.swift; path = LoginViewController.swift; sourceTree = "<group>"; };
		961BF9A0216CA2140089F92E /* LoginPresenter.swift */ = {isa = PBXFileReference; lastKnownFileType = sourcecode.swift; path = LoginPresenter.swift; sourceTree = "<group>"; };
		961BF9A5216CA9580089F92E /* RegisterViewController.swift */ = {isa = PBXFileReference; lastKnownFileType = sourcecode.swift; path = RegisterViewController.swift; sourceTree = "<group>"; };
		961BF9A9216CAD9C0089F92E /* ErrorResponse.swift */ = {isa = PBXFileReference; lastKnownFileType = sourcecode.swift; path = ErrorResponse.swift; sourceTree = "<group>"; };
		961BF9AD216CB0D40089F92E /* RegisterPresenter.swift */ = {isa = PBXFileReference; lastKnownFileType = sourcecode.swift; path = RegisterPresenter.swift; sourceTree = "<group>"; };
		968507FF216B048A00FC84F4 /* FoodDelivery.app */ = {isa = PBXFileReference; explicitFileType = wrapper.application; includeInIndex = 0; path = FoodDelivery.app; sourceTree = BUILT_PRODUCTS_DIR; };
		96850802216B048A00FC84F4 /* AppDelegate.swift */ = {isa = PBXFileReference; lastKnownFileType = sourcecode.swift; path = AppDelegate.swift; sourceTree = "<group>"; };
		96850804216B048A00FC84F4 /* ViewController.swift */ = {isa = PBXFileReference; lastKnownFileType = sourcecode.swift; path = ViewController.swift; sourceTree = "<group>"; };
		96850807216B048B00FC84F4 /* Base */ = {isa = PBXFileReference; lastKnownFileType = file.storyboard; name = Base; path = Base.lproj/Main.storyboard; sourceTree = "<group>"; };
		96850809216B049300FC84F4 /* Assets.xcassets */ = {isa = PBXFileReference; lastKnownFileType = folder.assetcatalog; path = Assets.xcassets; sourceTree = "<group>"; };
		9685080C216B049300FC84F4 /* Base */ = {isa = PBXFileReference; lastKnownFileType = file.storyboard; name = Base; path = Base.lproj/LaunchScreen.storyboard; sourceTree = "<group>"; };
		9685080E216B049300FC84F4 /* Info.plist */ = {isa = PBXFileReference; lastKnownFileType = text.plist.xml; path = Info.plist; sourceTree = "<group>"; };
		96850814216B0D8600FC84F4 /* Common.swift */ = {isa = PBXFileReference; lastKnownFileType = sourcecode.swift; path = Common.swift; sourceTree = "<group>"; };
		96850816216B0FD200FC84F4 /* APIRouter.swift */ = {isa = PBXFileReference; lastKnownFileType = sourcecode.swift; path = APIRouter.swift; sourceTree = "<group>"; };
		B6BF28690FAF59D28C924EF5 /* Pods-FoodDelivery.debug.xcconfig */ = {isa = PBXFileReference; includeInIndex = 1; lastKnownFileType = text.xcconfig; name = "Pods-FoodDelivery.debug.xcconfig"; path = "Pods/Target Support Files/Pods-FoodDelivery/Pods-FoodDelivery.debug.xcconfig"; sourceTree = "<group>"; };
/* End PBXFileReference section */

/* Begin PBXFrameworksBuildPhase section */
		968507FC216B048A00FC84F4 /* Frameworks */ = {
			isa = PBXFrameworksBuildPhase;
			buildActionMask = 2147483647;
			files = (
				CFABF3DCDA9B95DACC33C43D /* Pods_FoodDelivery.framework in Frameworks */,
			);
			runOnlyForDeploymentPostprocessing = 0;
		};
/* End PBXFrameworksBuildPhase section */

/* Begin PBXGroup section */
		7398539219479E4E1EE7F0FE /* Pods */ = {
			isa = PBXGroup;
			children = (
				B6BF28690FAF59D28C924EF5 /* Pods-FoodDelivery.debug.xcconfig */,
				114D827A948D3576F498342D /* Pods-FoodDelivery.release.xcconfig */,
			);
			name = Pods;
			sourceTree = "<group>";
		};
		961BF9A2216CA2790089F92E /* Utils */ = {
			isa = PBXGroup;
			children = (
				96850814216B0D8600FC84F4 /* Common.swift */,
			);
			path = Utils;
			sourceTree = "<group>";
		};
		961BF9A3216CA2800089F92E /* Controller */ = {
			isa = PBXGroup;
			children = (
				96850804216B048A00FC84F4 /* ViewController.swift */,
				961BF99E216CA2020089F92E /* LoginViewController.swift */,
				961BF9A5216CA9580089F92E /* RegisterViewController.swift */,
			);
			path = Controller;
			sourceTree = "<group>";
		};
		961BF9A4216CA2860089F92E /* Presenter */ = {
			isa = PBXGroup;
			children = (
				961BF9A0216CA2140089F92E /* LoginPresenter.swift */,
				961BF9AD216CB0D40089F92E /* RegisterPresenter.swift */,
			);
			path = Presenter;
			sourceTree = "<group>";
		};
		961BF9AB216CAE330089F92E /* APISupport */ = {
			isa = PBXGroup;
			children = (
				961BF9AC216CAE880089F92E /* Response */,
				96850816216B0FD200FC84F4 /* APIRouter.swift */,
				961BF99C216CA1E70089F92E /* MGConnection.swift */,
			);
			path = APISupport;
			sourceTree = "<group>";
		};
		961BF9AC216CAE880089F92E /* Response */ = {
			isa = PBXGroup;
			children = (
				961BF9A9216CAD9C0089F92E /* ErrorResponse.swift */,
				0EED345D216D29C400B8B263 /* CommonResponse.swift */,
			);
			path = Response;
			sourceTree = "<group>";
		};
		968507F6216B048A00FC84F4 = {
			isa = PBXGroup;
			children = (
				96850801216B048A00FC84F4 /* FoodDelivery */,
				96850800216B048A00FC84F4 /* Products */,
				7398539219479E4E1EE7F0FE /* Pods */,
				DE020B9B73AFFC2D7357D1B9 /* Frameworks */,
			);
			sourceTree = "<group>";
		};
		96850800216B048A00FC84F4 /* Products */ = {
			isa = PBXGroup;
			children = (
				968507FF216B048A00FC84F4 /* FoodDelivery.app */,
			);
			name = Products;
			sourceTree = "<group>";
		};
		96850801216B048A00FC84F4 /* FoodDelivery */ = {
			isa = PBXGroup;
			children = (
				961BF9AB216CAE330089F92E /* APISupport */,
				961BF9A4216CA2860089F92E /* Presenter */,
				961BF9A3216CA2800089F92E /* Controller */,
				961BF9A2216CA2790089F92E /* Utils */,
				96850802216B048A00FC84F4 /* AppDelegate.swift */,
				96850806216B048B00FC84F4 /* Main.storyboard */,
				96850809216B049300FC84F4 /* Assets.xcassets */,
				9685080B216B049300FC84F4 /* LaunchScreen.storyboard */,
				9685080E216B049300FC84F4 /* Info.plist */,
			);
			path = FoodDelivery;
			sourceTree = "<group>";
		};
		DE020B9B73AFFC2D7357D1B9 /* Frameworks */ = {
			isa = PBXGroup;
			children = (
				3136C4D4127A699ADC42DB53 /* Pods_FoodDelivery.framework */,
			);
			name = Frameworks;
			sourceTree = "<group>";
		};
/* End PBXGroup section */

/* Begin PBXNativeTarget section */
		968507FE216B048A00FC84F4 /* FoodDelivery */ = {
			isa = PBXNativeTarget;
			buildConfigurationList = 96850811216B049300FC84F4 /* Build configuration list for PBXNativeTarget "FoodDelivery" */;
			buildPhases = (
				2A8804F85F0F2BBDF3CBD8A3 /* [CP] Check Pods Manifest.lock */,
				968507FB216B048A00FC84F4 /* Sources */,
				968507FC216B048A00FC84F4 /* Frameworks */,
				968507FD216B048A00FC84F4 /* Resources */,
				2F2402AE460E531CD068ABC9 /* [CP] Embed Pods Frameworks */,
			);
			buildRules = (
			);
			dependencies = (
			);
			name = FoodDelivery;
			productName = FoodDelivery;
			productReference = 968507FF216B048A00FC84F4 /* FoodDelivery.app */;
			productType = "com.apple.product-type.application";
		};
/* End PBXNativeTarget section */

/* Begin PBXProject section */
		968507F7216B048A00FC84F4 /* Project object */ = {
			isa = PBXProject;
			attributes = {
				LastSwiftUpdateCheck = 0940;
				LastUpgradeCheck = 0940;
				ORGANIZATIONNAME = "Thai Thi Tu Trinh";
				TargetAttributes = {
					968507FE216B048A00FC84F4 = {
						CreatedOnToolsVersion = 9.4.1;
					};
				};
			};
			buildConfigurationList = 968507FA216B048A00FC84F4 /* Build configuration list for PBXProject "FoodDelivery" */;
			compatibilityVersion = "Xcode 9.3";
			developmentRegion = en;
			hasScannedForEncodings = 0;
			knownRegions = (
				en,
				Base,
			);
			mainGroup = 968507F6216B048A00FC84F4;
			productRefGroup = 96850800216B048A00FC84F4 /* Products */;
			projectDirPath = "";
			projectRoot = "";
			targets = (
				968507FE216B048A00FC84F4 /* FoodDelivery */,
			);
		};
/* End PBXProject section */

/* Begin PBXResourcesBuildPhase section */
		968507FD216B048A00FC84F4 /* Resources */ = {
			isa = PBXResourcesBuildPhase;
			buildActionMask = 2147483647;
			files = (
				9685080D216B049300FC84F4 /* LaunchScreen.storyboard in Resources */,
				9685080A216B049300FC84F4 /* Assets.xcassets in Resources */,
				96850808216B048B00FC84F4 /* Main.storyboard in Resources */,
			);
			runOnlyForDeploymentPostprocessing = 0;
		};
/* End PBXResourcesBuildPhase section */

/* Begin PBXShellScriptBuildPhase section */
		2A8804F85F0F2BBDF3CBD8A3 /* [CP] Check Pods Manifest.lock */ = {
			isa = PBXShellScriptBuildPhase;
			buildActionMask = 2147483647;
			files = (
			);
			inputPaths = (
				"${PODS_PODFILE_DIR_PATH}/Podfile.lock",
				"${PODS_ROOT}/Manifest.lock",
			);
			name = "[CP] Check Pods Manifest.lock";
			outputPaths = (
				"$(DERIVED_FILE_DIR)/Pods-FoodDelivery-checkManifestLockResult.txt",
			);
			runOnlyForDeploymentPostprocessing = 0;
			shellPath = /bin/sh;
			shellScript = "diff \"${PODS_PODFILE_DIR_PATH}/Podfile.lock\" \"${PODS_ROOT}/Manifest.lock\" > /dev/null\nif [ $? != 0 ] ; then\n    # print error to STDERR\n    echo \"error: The sandbox is not in sync with the Podfile.lock. Run 'pod install' or update your CocoaPods installation.\" >&2\n    exit 1\nfi\n# This output is used by Xcode 'outputs' to avoid re-running this script phase.\necho \"SUCCESS\" > \"${SCRIPT_OUTPUT_FILE_0}\"\n";
			showEnvVarsInLog = 0;
		};
		2F2402AE460E531CD068ABC9 /* [CP] Embed Pods Frameworks */ = {
			isa = PBXShellScriptBuildPhase;
			buildActionMask = 2147483647;
			files = (
			);
			inputPaths = (
				"${SRCROOT}/Pods/Target Support Files/Pods-FoodDelivery/Pods-FoodDelivery-frameworks.sh",
				"${BUILT_PRODUCTS_DIR}/Alamofire/Alamofire.framework",
				"${BUILT_PRODUCTS_DIR}/AlamofireObjectMapper/AlamofireObjectMapper.framework",
				"${BUILT_PRODUCTS_DIR}/ObjectMapper/ObjectMapper.framework",
			);
			name = "[CP] Embed Pods Frameworks";
			outputPaths = (
				"${TARGET_BUILD_DIR}/${FRAMEWORKS_FOLDER_PATH}/Alamofire.framework",
				"${TARGET_BUILD_DIR}/${FRAMEWORKS_FOLDER_PATH}/AlamofireObjectMapper.framework",
				"${TARGET_BUILD_DIR}/${FRAMEWORKS_FOLDER_PATH}/ObjectMapper.framework",
			);
			runOnlyForDeploymentPostprocessing = 0;
			shellPath = /bin/sh;
			shellScript = "\"${SRCROOT}/Pods/Target Support Files/Pods-FoodDelivery/Pods-FoodDelivery-frameworks.sh\"\n";
			showEnvVarsInLog = 0;
		};
/* End PBXShellScriptBuildPhase section */

/* Begin PBXSourcesBuildPhase section */
		968507FB216B048A00FC84F4 /* Sources */ = {
			isa = PBXSourcesBuildPhase;
			buildActionMask = 2147483647;
			files = (
				961BF9A6216CA9580089F92E /* RegisterViewController.swift in Sources */,
				961BF9A1216CA2140089F92E /* LoginPresenter.swift in Sources */,
				96850805216B048A00FC84F4 /* ViewController.swift in Sources */,
				961BF99F216CA2020089F92E /* LoginViewController.swift in Sources */,
				0EED345E216D29C400B8B263 /* CommonResponse.swift in Sources */,
				96850817216B0FD200FC84F4 /* APIRouter.swift in Sources */,
				961BF9AE216CB0D40089F92E /* RegisterPresenter.swift in Sources */,
				961BF99D216CA1E70089F92E /* MGConnection.swift in Sources */,
				961BF9AA216CAD9C0089F92E /* ErrorResponse.swift in Sources */,
				96850803216B048A00FC84F4 /* AppDelegate.swift in Sources */,
				96850815216B0D8600FC84F4 /* Common.swift in Sources */,
			);
			runOnlyForDeploymentPostprocessing = 0;
		};
/* End PBXSourcesBuildPhase section */

/* Begin PBXVariantGroup section */
		96850806216B048B00FC84F4 /* Main.storyboard */ = {
			isa = PBXVariantGroup;
			children = (
				96850807216B048B00FC84F4 /* Base */,
			);
			name = Main.storyboard;
			sourceTree = "<group>";
		};
		9685080B216B049300FC84F4 /* LaunchScreen.storyboard */ = {
			isa = PBXVariantGroup;
			children = (
				9685080C216B049300FC84F4 /* Base */,
			);
			name = LaunchScreen.storyboard;
			sourceTree = "<group>";
		};
/* End PBXVariantGroup section */

/* Begin XCBuildConfiguration section */
		9685080F216B049300FC84F4 /* Debug */ = {
			isa = XCBuildConfiguration;
			buildSettings = {
				ALWAYS_SEARCH_USER_PATHS = NO;
				CLANG_ANALYZER_NONNULL = YES;
				CLANG_ANALYZER_NUMBER_OBJECT_CONVERSION = YES_AGGRESSIVE;
				CLANG_CXX_LANGUAGE_STANDARD = "gnu++14";
				CLANG_CXX_LIBRARY = "libc++";
				CLANG_ENABLE_MODULES = YES;
				CLANG_ENABLE_OBJC_ARC = YES;
				CLANG_ENABLE_OBJC_WEAK = YES;
				CLANG_WARN_BLOCK_CAPTURE_AUTORELEASING = YES;
				CLANG_WARN_BOOL_CONVERSION = YES;
				CLANG_WARN_COMMA = YES;
				CLANG_WARN_CONSTANT_CONVERSION = YES;
				CLANG_WARN_DEPRECATED_OBJC_IMPLEMENTATIONS = YES;
				CLANG_WARN_DIRECT_OBJC_ISA_USAGE = YES_ERROR;
				CLANG_WARN_DOCUMENTATION_COMMENTS = YES;
				CLANG_WARN_EMPTY_BODY = YES;
				CLANG_WARN_ENUM_CONVERSION = YES;
				CLANG_WARN_INFINITE_RECURSION = YES;
				CLANG_WARN_INT_CONVERSION = YES;
				CLANG_WARN_NON_LITERAL_NULL_CONVERSION = YES;
				CLANG_WARN_OBJC_IMPLICIT_RETAIN_SELF = YES;
				CLANG_WARN_OBJC_LITERAL_CONVERSION = YES;
				CLANG_WARN_OBJC_ROOT_CLASS = YES_ERROR;
				CLANG_WARN_RANGE_LOOP_ANALYSIS = YES;
				CLANG_WARN_STRICT_PROTOTYPES = YES;
				CLANG_WARN_SUSPICIOUS_MOVE = YES;
				CLANG_WARN_UNGUARDED_AVAILABILITY = YES_AGGRESSIVE;
				CLANG_WARN_UNREACHABLE_CODE = YES;
				CLANG_WARN__DUPLICATE_METHOD_MATCH = YES;
				CODE_SIGN_IDENTITY = "iPhone Developer";
				COPY_PHASE_STRIP = NO;
				DEBUG_INFORMATION_FORMAT = dwarf;
				ENABLE_STRICT_OBJC_MSGSEND = YES;
				ENABLE_TESTABILITY = YES;
				GCC_C_LANGUAGE_STANDARD = gnu11;
				GCC_DYNAMIC_NO_PIC = NO;
				GCC_NO_COMMON_BLOCKS = YES;
				GCC_OPTIMIZATION_LEVEL = 0;
				GCC_PREPROCESSOR_DEFINITIONS = (
					"DEBUG=1",
					"$(inherited)",
				);
				GCC_WARN_64_TO_32_BIT_CONVERSION = YES;
				GCC_WARN_ABOUT_RETURN_TYPE = YES_ERROR;
				GCC_WARN_UNDECLARED_SELECTOR = YES;
				GCC_WARN_UNINITIALIZED_AUTOS = YES_AGGRESSIVE;
				GCC_WARN_UNUSED_FUNCTION = YES;
				GCC_WARN_UNUSED_VARIABLE = YES;
				IPHONEOS_DEPLOYMENT_TARGET = 11.4;
				MTL_ENABLE_DEBUG_INFO = YES;
				ONLY_ACTIVE_ARCH = YES;
				SDKROOT = iphoneos;
				SWIFT_ACTIVE_COMPILATION_CONDITIONS = DEBUG;
				SWIFT_OPTIMIZATION_LEVEL = "-Onone";
			};
			name = Debug;
		};
		96850810216B049300FC84F4 /* Release */ = {
			isa = XCBuildConfiguration;
			buildSettings = {
				ALWAYS_SEARCH_USER_PATHS = NO;
				CLANG_ANALYZER_NONNULL = YES;
				CLANG_ANALYZER_NUMBER_OBJECT_CONVERSION = YES_AGGRESSIVE;
				CLANG_CXX_LANGUAGE_STANDARD = "gnu++14";
				CLANG_CXX_LIBRARY = "libc++";
				CLANG_ENABLE_MODULES = YES;
				CLANG_ENABLE_OBJC_ARC = YES;
				CLANG_ENABLE_OBJC_WEAK = YES;
				CLANG_WARN_BLOCK_CAPTURE_AUTORELEASING = YES;
				CLANG_WARN_BOOL_CONVERSION = YES;
				CLANG_WARN_COMMA = YES;
				CLANG_WARN_CONSTANT_CONVERSION = YES;
				CLANG_WARN_DEPRECATED_OBJC_IMPLEMENTATIONS = YES;
				CLANG_WARN_DIRECT_OBJC_ISA_USAGE = YES_ERROR;
				CLANG_WARN_DOCUMENTATION_COMMENTS = YES;
				CLANG_WARN_EMPTY_BODY = YES;
				CLANG_WARN_ENUM_CONVERSION = YES;
				CLANG_WARN_INFINITE_RECURSION = YES;
				CLANG_WARN_INT_CONVERSION = YES;
				CLANG_WARN_NON_LITERAL_NULL_CONVERSION = YES;
				CLANG_WARN_OBJC_IMPLICIT_RETAIN_SELF = YES;
				CLANG_WARN_OBJC_LITERAL_CONVERSION = YES;
				CLANG_WARN_OBJC_ROOT_CLASS = YES_ERROR;
				CLANG_WARN_RANGE_LOOP_ANALYSIS = YES;
				CLANG_WARN_STRICT_PROTOTYPES = YES;
				CLANG_WARN_SUSPICIOUS_MOVE = YES;
				CLANG_WARN_UNGUARDED_AVAILABILITY = YES_AGGRESSIVE;
				CLANG_WARN_UNREACHABLE_CODE = YES;
				CLANG_WARN__DUPLICATE_METHOD_MATCH = YES;
				CODE_SIGN_IDENTITY = "iPhone Developer";
				COPY_PHASE_STRIP = NO;
				DEBUG_INFORMATION_FORMAT = "dwarf-with-dsym";
				ENABLE_NS_ASSERTIONS = NO;
				ENABLE_STRICT_OBJC_MSGSEND = YES;
				GCC_C_LANGUAGE_STANDARD = gnu11;
				GCC_NO_COMMON_BLOCKS = YES;
				GCC_WARN_64_TO_32_BIT_CONVERSION = YES;
				GCC_WARN_ABOUT_RETURN_TYPE = YES_ERROR;
				GCC_WARN_UNDECLARED_SELECTOR = YES;
				GCC_WARN_UNINITIALIZED_AUTOS = YES_AGGRESSIVE;
				GCC_WARN_UNUSED_FUNCTION = YES;
				GCC_WARN_UNUSED_VARIABLE = YES;
				IPHONEOS_DEPLOYMENT_TARGET = 11.4;
				MTL_ENABLE_DEBUG_INFO = NO;
				SDKROOT = iphoneos;
				SWIFT_COMPILATION_MODE = wholemodule;
				SWIFT_OPTIMIZATION_LEVEL = "-O";
				VALIDATE_PRODUCT = YES;
			};
			name = Release;
		};
		96850812216B049300FC84F4 /* Debug */ = {
			isa = XCBuildConfiguration;
			baseConfigurationReference = B6BF28690FAF59D28C924EF5 /* Pods-FoodDelivery.debug.xcconfig */;
			buildSettings = {
				ASSETCATALOG_COMPILER_APPICON_NAME = AppIcon;
				CODE_SIGN_STYLE = Automatic;
				DEVELOPMENT_TEAM = VU9S46VYTD;
				INFOPLIST_FILE = FoodDelivery/Info.plist;
				IPHONEOS_DEPLOYMENT_TARGET = 9.0;
				LD_RUNPATH_SEARCH_PATHS = (
					"$(inherited)",
					"@executable_path/Frameworks",
				);
				PRODUCT_BUNDLE_IDENTIFIER = trinh.ttt.FoodDelivery;
				PRODUCT_NAME = "$(TARGET_NAME)";
				SWIFT_VERSION = 4.0;
				TARGETED_DEVICE_FAMILY = "1,2";
			};
			name = Debug;
		};
		96850813216B049300FC84F4 /* Release */ = {
			isa = XCBuildConfiguration;
			baseConfigurationReference = 114D827A948D3576F498342D /* Pods-FoodDelivery.release.xcconfig */;
			buildSettings = {
				ASSETCATALOG_COMPILER_APPICON_NAME = AppIcon;
				CODE_SIGN_STYLE = Automatic;
				DEVELOPMENT_TEAM = VU9S46VYTD;
				INFOPLIST_FILE = FoodDelivery/Info.plist;
				IPHONEOS_DEPLOYMENT_TARGET = 9.0;
				LD_RUNPATH_SEARCH_PATHS = (
					"$(inherited)",
					"@executable_path/Frameworks",
				);
				PRODUCT_BUNDLE_IDENTIFIER = trinh.ttt.FoodDelivery;
				PRODUCT_NAME = "$(TARGET_NAME)";
				SWIFT_VERSION = 4.0;
				TARGETED_DEVICE_FAMILY = "1,2";
			};
			name = Release;
		};
/* End XCBuildConfiguration section */

/* Begin XCConfigurationList section */
		968507FA216B048A00FC84F4 /* Build configuration list for PBXProject "FoodDelivery" */ = {
			isa = XCConfigurationList;
			buildConfigurations = (
				9685080F216B049300FC84F4 /* Debug */,
				96850810216B049300FC84F4 /* Release */,
			);
			defaultConfigurationIsVisible = 0;
			defaultConfigurationName = Release;
		};
		96850811216B049300FC84F4 /* Build configuration list for PBXNativeTarget "FoodDelivery" */ = {
			isa = XCConfigurationList;
			buildConfigurations = (
				96850812216B049300FC84F4 /* Debug */,
				96850813216B049300FC84F4 /* Release */,
			);
			defaultConfigurationIsVisible = 0;
			defaultConfigurationName = Release;
		};
/* End XCConfigurationList section */
	};
	rootObject = 968507F7216B048A00FC84F4 /* Project object */;
}
